
Microsoft Visual Studio Solution File, Format Version 12.00
# Visual Studio Version 17
VisualStudioVersion = 17.2.32630.192
MinimumVisualStudioVersion = 10.0.40219.1
Project("{FAE04EC0-301F-11D3-BF4B-00C04F79EFBC}") = "KockákOKTV2021", "KockákOKTV2021.csproj", "{D86449C7-9CDC-438B-B7D6-5146D06E2AAC}"
EndProject
Global
	GlobalSection(SolutionConfigurationPlatforms) = preSolution
		Debug|Any CPU = Debug|Any CPU
		Release|Any CPU = Release|Any CPU
	EndGlobalSection
	GlobalSection(ProjectConfigurationPlatforms) = postSolution
		{D86449C7-9CDC-438B-B7D6-5146D06E2AAC}.Debug|Any CPU.ActiveCfg = Debug|Any CPU
		{D86449C7-9CDC-438B-B7D6-5146D06E2AAC}.Debug|Any CPU.Build.0 = Debug|Any CPU
		{D86449C7-9CDC-438B-B7D6-5146D06E2AAC}.Release|Any CPU.ActiveCfg = Release|Any CPU
		{D86449C7-9CDC-438B-B7D6-5146D06E2AAC}.Release|Any CPU.Build.0 = Release|Any CPU
	EndGlobalSection
	GlobalSection(SolutionProperties) = preSolution
		HideSolutionNode = FALSE
	EndGlobalSection
	GlobalSection(ExtensibilityGlobals) = postSolution
		SolutionGuid = {976DD007-FCFF-4941-8581-C7CAD53E5781}
	EndGlobalSection
EndGlobal
